
Microsoft Visual Studio Solution File, Format Version 12.00
# Visual Studio Version 16
VisualStudioVersion = 16.0.31613.86
MinimumVisualStudioVersion = 10.0.40219.1
Project("{9A19103F-16F7-4668-BE54-9A1E7A4F7556}") = "AzureManagedIdentity", "AzureManagedIdentity\AzureManagedIdentity.csproj", "{40E05B9C-A87C-4168-931D-A5B4191FAF09}"
EndProject
Project("{9A19103F-16F7-4668-BE54-9A1E7A4F7556}") = "AzureAppServiceUpdate", "AzureAppServiceUpdate\AzureAppServiceUpdate.csproj", "{4C7F9296-1C04-43ED-90F0-83C6F17D1857}"
EndProject
Global
	GlobalSection(SolutionConfigurationPlatforms) = preSolution
		Debug|Any CPU = Debug|Any CPU
		Release|Any CPU = Release|Any CPU
	EndGlobalSection
	GlobalSection(ProjectConfigurationPlatforms) = postSolution
		{40E05B9C-A87C-4168-931D-A5B4191FAF09}.Debug|Any CPU.ActiveCfg = Debug|Any CPU
		{40E05B9C-A87C-4168-931D-A5B4191FAF09}.Debug|Any CPU.Build.0 = Debug|Any CPU
		{40E05B9C-A87C-4168-931D-A5B4191FAF09}.Release|Any CPU.ActiveCfg = Release|Any CPU
		{40E05B9C-A87C-4168-931D-A5B4191FAF09}.Release|Any CPU.Build.0 = Release|Any CPU
		{4C7F9296-1C04-43ED-90F0-83C6F17D1857}.Debug|Any CPU.ActiveCfg = Debug|Any CPU
		{4C7F9296-1C04-43ED-90F0-83C6F17D1857}.Debug|Any CPU.Build.0 = Debug|Any CPU
		{4C7F9296-1C04-43ED-90F0-83C6F17D1857}.Release|Any CPU.ActiveCfg = Release|Any CPU
		{4C7F9296-1C04-43ED-90F0-83C6F17D1857}.Release|Any CPU.Build.0 = Release|Any CPU
	EndGlobalSection
	GlobalSection(SolutionProperties) = preSolution
		HideSolutionNode = FALSE
	EndGlobalSection
	GlobalSection(ExtensibilityGlobals) = postSolution
		SolutionGuid = {83901ECA-FF5D-4392-BCAE-3E73C87F4F14}
	EndGlobalSection
EndGlobal
